{
  "name": "example",
  "version": "1.0.0",
  "lockfileVersion": 3,
  "requires": true,
  "packages": {
    "": {
      "name": "example",
      "version": "1.0.0",
      "license": "Apache-2.0",
      "dependencies": {
        "@littlerobots/llm-vibecheck": "file:.."
      }
    },
    "..": {
      "version": "0.1.0",
      "license": "Apache-2.0",
      "dependencies": {
        "csv-writer": "^1.6.0",
        "yargs": "^17.7.2",
        "yocto-spinner": "^0.1.0"
      },
      "devDependencies": {
        "@types/yargs": "^17.0.33",
        "typescript": "^5.5.4"
      }
    },
    "node_modules/@littlerobots/llm-vibecheck": {
      "resolved": "..",
      "link": true
    }
  }
}
